# This file is automatically @generated by Cargo.
# It is not intended for manual editing.
version = 4

[[package]]
name = "danchor-core"
version = "0.1.0"

[[package]]
name = "danchor-desktop"
version = "0.1.0"
dependencies = [
 "danchor-core",
]

[[package]]
name = "danchor-ffi"
version = "0.1.0"
dependencies = [
 "danchor-core",
]
